
Microsoft Visual Studio Solution File, Format Version 12.00
# Visual Studio Version 17
VisualStudioVersion = 17.11.35222.181
MinimumVisualStudioVersion = 10.0.40219.1
Project("{FAE04EC0-301F-11D3-BF4B-00C04F79EFBC}") = "TetrisWPF", "TetrisWPF.csproj", "{718A57B0-1290-44F5-B21A-A0FAFBA319E2}"
EndProject
Global
	GlobalSection(SolutionConfigurationPlatforms) = preSolution
		Debug|Any CPU = Debug|Any CPU
		Release|Any CPU = Release|Any CPU
	EndGlobalSection
	GlobalSection(ProjectConfigurationPlatforms) = postSolution
		{718A57B0-1290-44F5-B21A-A0FAFBA319E2}.Debug|Any CPU.ActiveCfg = Debug|Any CPU
		{718A57B0-1290-44F5-B21A-A0FAFBA319E2}.Debug|Any CPU.Build.0 = Debug|Any CPU
		{718A57B0-1290-44F5-B21A-A0FAFBA319E2}.Release|Any CPU.ActiveCfg = Release|Any CPU
		{718A57B0-1290-44F5-B21A-A0FAFBA319E2}.Release|Any CPU.Build.0 = Release|Any CPU
	EndGlobalSection
	GlobalSection(SolutionProperties) = preSolution
		HideSolutionNode = FALSE
	EndGlobalSection
	GlobalSection(ExtensibilityGlobals) = postSolution
		SolutionGuid = {7842CC38-D6DC-4F2F-89BC-4220D8D37EAA}
	EndGlobalSection
EndGlobal
